// !$*UTF8*$!
{
	archiveVersion = 1;
	classes = {
	};
	objectVersion = 56;
	objects = {

/* Begin PBXBuildFile section */
		8829A0822A69F8C800977A99 /* FlowLayout.swift in Sources */ = {isa = PBXBuildFile; fileRef = 8829A0812A69F8C800977A99 /* FlowLayout.swift */; };
		8829A0842A6A058200977A99 /* WidthThresholdReader.swift in Sources */ = {isa = PBXBuildFile; fileRef = 8829A0832A6A058200977A99 /* WidthThresholdReader.swift */; };
		88779A402A659F1400F0538B /* WidgetsBundle.swift in Sources */ = {isa = PBXBuildFile; fileRef = 88779A3F2A659F1400F0538B /* WidgetsBundle.swift */; };
		88779A422A659F1400F0538B /* Widgets.swift in Sources */ = {isa = PBXBuildFile; fileRef = 88779A412A659F1400F0538B /* Widgets.swift */; };
		88779A452A659F1600F0538B /* Assets.xcassets in Resources */ = {isa = PBXBuildFile; fileRef = 88779A442A659F1600F0538B /* Assets.xcassets */; };
		88779A472A659F1600F0538B /* Widgets.intentdefinition in Sources */ = {isa = PBXBuildFile; fileRef = 88779A432A659F1400F0538B /* Widgets.intentdefinition */; };
		88779A482A659F1600F0538B /* Widgets.intentdefinition in Sources */ = {isa = PBXBuildFile; fileRef = 88779A432A659F1400F0538B /* Widgets.intentdefinition */; };
		88779A4B2A659F1600F0538B /* WidgetsExtension.appex in Embed Foundation Extensions */ = {isa = PBXBuildFile; fileRef = 88779A392A659F1300F0538B /* WidgetsExtension.appex */; settings = {ATTRIBUTES = (RemoveHeadersOnCopy, ); }; };
		88779A562A65AE3B00F0538B /* FoodTruckKit in Frameworks */ = {isa = PBXBuildFile; productRef = 88779A552A65AE3B00F0538B /* FoodTruckKit */; };
		88779A582A65AE6D00F0538B /* SwiftUI.framework in Frameworks */ = {isa = PBXBuildFile; fileRef = 88779A572A65AE6D00F0538B /* SwiftUI.framework */; };
		88779A5A2A65AE8000F0538B /* WidgetKit.framework in Frameworks */ = {isa = PBXBuildFile; fileRef = 88779A592A65AE8000F0538B /* WidgetKit.framework */; };
		88779A5D2A65AFB000F0538B /* Localizable.strings in Resources */ = {isa = PBXBuildFile; fileRef = 88779A5F2A65AFB000F0538B /* Localizable.strings */; };
		88779A632A65B0AF00F0538B /* Localizable.strings in Resources */ = {isa = PBXBuildFile; fileRef = 88779A652A65B0AF00F0538B /* Localizable.strings */; };
		88779A6A2A65D44200F0538B /* Sidebar.swift in Sources */ = {isa = PBXBuildFile; fileRef = 88779A692A65D44200F0538B /* Sidebar.swift */; };
		88877A8D2A65EA9500126A7A /* FoodTruckKit in Frameworks */ = {isa = PBXBuildFile; productRef = 88877A8C2A65EA9500126A7A /* FoodTruckKit */; };
		88877A8F2A65ECCB00126A7A /* DetailColumn.swift in Sources */ = {isa = PBXBuildFile; fileRef = 88877A8E2A65ECCA00126A7A /* DetailColumn.swift */; };
		889BA7042A66F3670025AB79 /* CityView.swift in Sources */ = {isa = PBXBuildFile; fileRef = 889BA7032A66F3670025AB79 /* CityView.swift */; };
		889BA7062A66F7030025AB79 /* ParkingSpotShowcaseView.swift in Sources */ = {isa = PBXBuildFile; fileRef = 889BA7052A66F7030025AB79 /* ParkingSpotShowcaseView.swift */; };
		889BA7082A66F8E30025AB79 /* DetailedMapView.swift in Sources */ = {isa = PBXBuildFile; fileRef = 889BA7072A66F8E30025AB79 /* DetailedMapView.swift */; };
		889BA70A2A66FF840025AB79 /* RecommendedParkingSpotCard.swift in Sources */ = {isa = PBXBuildFile; fileRef = 889BA7092A66FF840025AB79 /* RecommendedParkingSpotCard.swift */; };
		889BA70C2A67051C0025AB79 /* CityWeatherCard.swift in Sources */ = {isa = PBXBuildFile; fileRef = 889BA70B2A67051C0025AB79 /* CityWeatherCard.swift */; };
		889FB9322A6C6FFA00AD470F /* OrderRow.swift in Sources */ = {isa = PBXBuildFile; fileRef = 889FB9312A6C6FFA00AD470F /* OrderRow.swift */; };
		889FB9342A6C722C00AD470F /* OrdersTable.swift in Sources */ = {isa = PBXBuildFile; fileRef = 889FB9332A6C722C00AD470F /* OrdersTable.swift */; };
		889FB9362A6C79FB00AD470F /* OrderDetailView.swift in Sources */ = {isa = PBXBuildFile; fileRef = 889FB9352A6C79FB00AD470F /* OrderDetailView.swift */; };
		889FB9382A6C7E6500AD470F /* OrderCompleteView.swift in Sources */ = {isa = PBXBuildFile; fileRef = 889FB9372A6C7E6500AD470F /* OrderCompleteView.swift */; };
		889FB93A2A6C9C5800AD470F /* OrdersView.swift in Sources */ = {isa = PBXBuildFile; fileRef = 889FB9392A6C9C5800AD470F /* OrdersView.swift */; };
		88AEB6582A6149580028950B /* App.swift in Sources */ = {isa = PBXBuildFile; fileRef = 88AEB6572A6149580028950B /* App.swift */; };
		88AEB65A2A6149580028950B /* ContentView.swift in Sources */ = {isa = PBXBuildFile; fileRef = 88AEB6592A6149580028950B /* ContentView.swift */; };
		88AEB65C2A61495D0028950B /* Assets.xcassets in Resources */ = {isa = PBXBuildFile; fileRef = 88AEB65B2A61495D0028950B /* Assets.xcassets */; };
		88AEB6602A61495D0028950B /* Preview Assets.xcassets in Resources */ = {isa = PBXBuildFile; fileRef = 88AEB65F2A61495D0028950B /* Preview Assets.xcassets */; };
		88B3A8AC2A6B334E002E6CEC /* DonutGalleryGrid.swift in Sources */ = {isa = PBXBuildFile; fileRef = 88B3A8AB2A6B334E002E6CEC /* DonutGalleryGrid.swift */; };
		88B3A8AE2A6B3973002E6CEC /* ShowTopDonutsIntentView.swift in Sources */ = {isa = PBXBuildFile; fileRef = 88B3A8AD2A6B3973002E6CEC /* ShowTopDonutsIntentView.swift */; };
		88B3A8B02A6B3A69002E6CEC /* TopDonutSalesChart.swift in Sources */ = {isa = PBXBuildFile; fileRef = 88B3A8AF2A6B3A69002E6CEC /* TopDonutSalesChart.swift */; };
		88B3A8B22A6B407E002E6CEC /* TopFiveDonutsChart.swift in Sources */ = {isa = PBXBuildFile; fileRef = 88B3A8B12A6B407E002E6CEC /* TopFiveDonutsChart.swift */; };
		88B3A8B42A6B4354002E6CEC /* TopFiveDonutsView.swift in Sources */ = {isa = PBXBuildFile; fileRef = 88B3A8B32A6B4354002E6CEC /* TopFiveDonutsView.swift */; };
		88B3A8B62A6B4744002E6CEC /* ShowTopDonutsIntent.swift in Sources */ = {isa = PBXBuildFile; fileRef = 88B3A8B52A6B4744002E6CEC /* ShowTopDonutsIntent.swift */; };
		88B3A8B82A6B4C26002E6CEC /* DonutGallery.swift in Sources */ = {isa = PBXBuildFile; fileRef = 88B3A8B72A6B4C26002E6CEC /* DonutGallery.swift */; };
		88F6F7402A6B558B00477A99 /* DonutEditor.swift in Sources */ = {isa = PBXBuildFile; fileRef = 88F6F73F2A6B558B00477A99 /* DonutEditor.swift */; };
/* End PBXBuildFile section */

/* Begin PBXContainerItemProxy section */
		88779A492A659F1600F0538B /* PBXContainerItemProxy */ = {
			isa = PBXContainerItemProxy;
			containerPortal = 88AEB64C2A6149570028950B /* Project object */;
			proxyType = 1;
			remoteGlobalIDString = 88779A382A659F1300F0538B;
			remoteInfo = WidgetsExtension;
		};
/* End PBXContainerItemProxy section */

/* Begin PBXCopyFilesBuildPhase section */
		88779A4F2A659F1700F0538B /* Embed Foundation Extensions */ = {
			isa = PBXCopyFilesBuildPhase;
			buildActionMask = 2147483647;
			dstPath = "";
			dstSubfolderSpec = 13;
			files = (
				88779A4B2A659F1600F0538B /* WidgetsExtension.appex in Embed Foundation Extensions */,
			);
			name = "Embed Foundation Extensions";
			runOnlyForDeploymentPostprocessing = 0;
		};
/* End PBXCopyFilesBuildPhase section */

/* Begin PBXFileReference section */
		8829A0812A69F8C800977A99 /* FlowLayout.swift */ = {isa = PBXFileReference; lastKnownFileType = sourcecode.swift; path = FlowLayout.swift; sourceTree = "<group>"; };
		8829A0832A6A058200977A99 /* WidthThresholdReader.swift */ = {isa = PBXFileReference; lastKnownFileType = sourcecode.swift; path = WidthThresholdReader.swift; sourceTree = "<group>"; };
		88779A392A659F1300F0538B /* WidgetsExtension.appex */ = {isa = PBXFileReference; explicitFileType = "wrapper.app-extension"; includeInIndex = 0; path = WidgetsExtension.appex; sourceTree = BUILT_PRODUCTS_DIR; };
		88779A3F2A659F1400F0538B /* WidgetsBundle.swift */ = {isa = PBXFileReference; lastKnownFileType = sourcecode.swift; path = WidgetsBundle.swift; sourceTree = "<group>"; };
		88779A412A659F1400F0538B /* Widgets.swift */ = {isa = PBXFileReference; lastKnownFileType = sourcecode.swift; path = Widgets.swift; sourceTree = "<group>"; };
		88779A432A659F1400F0538B /* Widgets.intentdefinition */ = {isa = PBXFileReference; lastKnownFileType = file.intentdefinition; path = Widgets.intentdefinition; sourceTree = "<group>"; };
		88779A442A659F1600F0538B /* Assets.xcassets */ = {isa = PBXFileReference; lastKnownFileType = folder.assetcatalog; path = Assets.xcassets; sourceTree = "<group>"; };
		88779A462A659F1600F0538B /* Info.plist */ = {isa = PBXFileReference; lastKnownFileType = text.plist.xml; path = Info.plist; sourceTree = "<group>"; };
		88779A502A65A1D100F0538B /* SampleCode.xcconfig */ = {isa = PBXFileReference; lastKnownFileType = text.xcconfig; path = SampleCode.xcconfig; sourceTree = "<group>"; };
		88779A522A65A6DB00F0538B /* FoodTruckKit */ = {isa = PBXFileReference; lastKnownFileType = wrapper; name = FoodTruckKit; path = "../../../RESOURCES & REFERENCES/Frameworks & Dependacies/FoodTruckKit"; sourceTree = "<group>"; };
		88779A532A65AB6300F0538B /* Entitlements-All.entitlements */ = {isa = PBXFileReference; lastKnownFileType = text.plist.entitlements; path = "Entitlements-All.entitlements"; sourceTree = "<group>"; };
		88779A572A65AE6D00F0538B /* SwiftUI.framework */ = {isa = PBXFileReference; lastKnownFileType = wrapper.framework; name = SwiftUI.framework; path = Platforms/iPhoneOS.platform/Developer/SDKs/iPhoneOS16.4.sdk/System/Library/Frameworks/SwiftUI.framework; sourceTree = DEVELOPER_DIR; };
		88779A592A65AE8000F0538B /* WidgetKit.framework */ = {isa = PBXFileReference; lastKnownFileType = wrapper.framework; name = WidgetKit.framework; path = Platforms/iPhoneOS.platform/Developer/SDKs/iPhoneOS16.4.sdk/System/Library/Frameworks/WidgetKit.framework; sourceTree = DEVELOPER_DIR; };
		88779A5E2A65AFB000F0538B /* en */ = {isa = PBXFileReference; lastKnownFileType = text.plist.strings; name = en; path = en.lproj/Localizable.strings; sourceTree = "<group>"; };
		88779A602A65B00000F0538B /* ar */ = {isa = PBXFileReference; lastKnownFileType = text.plist.strings; name = ar; path = ar.lproj/Localizable.strings; sourceTree = "<group>"; };
		88779A642A65B0AF00F0538B /* ar */ = {isa = PBXFileReference; lastKnownFileType = text.plist.strings; name = ar; path = ar.lproj/Localizable.strings; sourceTree = "<group>"; };
		88779A672A65B1CC00F0538B /* Widgets.entitlements */ = {isa = PBXFileReference; lastKnownFileType = text.plist.entitlements; path = Widgets.entitlements; sourceTree = "<group>"; };
		88779A692A65D44200F0538B /* Sidebar.swift */ = {isa = PBXFileReference; lastKnownFileType = sourcecode.swift; path = Sidebar.swift; sourceTree = "<group>"; };
		88877A8E2A65ECCA00126A7A /* DetailColumn.swift */ = {isa = PBXFileReference; lastKnownFileType = sourcecode.swift; path = DetailColumn.swift; sourceTree = "<group>"; };
		889BA7032A66F3670025AB79 /* CityView.swift */ = {isa = PBXFileReference; lastKnownFileType = sourcecode.swift; path = CityView.swift; sourceTree = "<group>"; };
		889BA7052A66F7030025AB79 /* ParkingSpotShowcaseView.swift */ = {isa = PBXFileReference; lastKnownFileType = sourcecode.swift; path = ParkingSpotShowcaseView.swift; sourceTree = "<group>"; };
		889BA7072A66F8E30025AB79 /* DetailedMapView.swift */ = {isa = PBXFileReference; lastKnownFileType = sourcecode.swift; path = DetailedMapView.swift; sourceTree = "<group>"; };
		889BA7092A66FF840025AB79 /* RecommendedParkingSpotCard.swift */ = {isa = PBXFileReference; lastKnownFileType = sourcecode.swift; path = RecommendedParkingSpotCard.swift; sourceTree = "<group>"; };
		889BA70B2A67051C0025AB79 /* CityWeatherCard.swift */ = {isa = PBXFileReference; lastKnownFileType = sourcecode.swift; path = CityWeatherCard.swift; sourceTree = "<group>"; };
		889FB9312A6C6FFA00AD470F /* OrderRow.swift */ = {isa = PBXFileReference; lastKnownFileType = sourcecode.swift; path = OrderRow.swift; sourceTree = "<group>"; };
		889FB9332A6C722C00AD470F /* OrdersTable.swift */ = {isa = PBXFileReference; lastKnownFileType = sourcecode.swift; path = OrdersTable.swift; sourceTree = "<group>"; };
		889FB9352A6C79FB00AD470F /* OrderDetailView.swift */ = {isa = PBXFileReference; lastKnownFileType = sourcecode.swift; path = OrderDetailView.swift; sourceTree = "<group>"; };
		889FB9372A6C7E6500AD470F /* OrderCompleteView.swift */ = {isa = PBXFileReference; lastKnownFileType = sourcecode.swift; path = OrderCompleteView.swift; sourceTree = "<group>"; };
		889FB9392A6C9C5800AD470F /* OrdersView.swift */ = {isa = PBXFileReference; lastKnownFileType = sourcecode.swift; path = OrdersView.swift; sourceTree = "<group>"; };
		88AEB6542A6149580028950B /* Iceme Corner.app */ = {isa = PBXFileReference; explicitFileType = wrapper.application; includeInIndex = 0; path = "Iceme Corner.app"; sourceTree = BUILT_PRODUCTS_DIR; };
		88AEB6572A6149580028950B /* App.swift */ = {isa = PBXFileReference; lastKnownFileType = sourcecode.swift; path = App.swift; sourceTree = "<group>"; };
		88AEB6592A6149580028950B /* ContentView.swift */ = {isa = PBXFileReference; lastKnownFileType = sourcecode.swift; path = ContentView.swift; sourceTree = "<group>"; };
		88AEB65B2A61495D0028950B /* Assets.xcassets */ = {isa = PBXFileReference; lastKnownFileType = folder.assetcatalog; path = Assets.xcassets; sourceTree = "<group>"; };
		88AEB65D2A61495D0028950B /* Entitlements.entitlements */ = {isa = PBXFileReference; lastKnownFileType = text.plist.entitlements; path = Entitlements.entitlements; sourceTree = "<group>"; };
		88AEB65F2A61495D0028950B /* Preview Assets.xcassets */ = {isa = PBXFileReference; lastKnownFileType = folder.assetcatalog; path = "Preview Assets.xcassets"; sourceTree = "<group>"; };
		88B3A8AB2A6B334E002E6CEC /* DonutGalleryGrid.swift */ = {isa = PBXFileReference; lastKnownFileType = sourcecode.swift; path = DonutGalleryGrid.swift; sourceTree = "<group>"; };
		88B3A8AD2A6B3973002E6CEC /* ShowTopDonutsIntentView.swift */ = {isa = PBXFileReference; lastKnownFileType = sourcecode.swift; path = ShowTopDonutsIntentView.swift; sourceTree = "<group>"; };
		88B3A8AF2A6B3A69002E6CEC /* TopDonutSalesChart.swift */ = {isa = PBXFileReference; lastKnownFileType = sourcecode.swift; path = TopDonutSalesChart.swift; sourceTree = "<group>"; };
		88B3A8B12A6B407E002E6CEC /* TopFiveDonutsChart.swift */ = {isa = PBXFileReference; lastKnownFileType = sourcecode.swift; path = TopFiveDonutsChart.swift; sourceTree = "<group>"; };
		88B3A8B32A6B4354002E6CEC /* TopFiveDonutsView.swift */ = {isa = PBXFileReference; lastKnownFileType = sourcecode.swift; path = TopFiveDonutsView.swift; sourceTree = "<group>"; };
		88B3A8B52A6B4744002E6CEC /* ShowTopDonutsIntent.swift */ = {isa = PBXFileReference; lastKnownFileType = sourcecode.swift; path = ShowTopDonutsIntent.swift; sourceTree = "<group>"; };
		88B3A8B72A6B4C26002E6CEC /* DonutGallery.swift */ = {isa = PBXFileReference; lastKnownFileType = sourcecode.swift; path = DonutGallery.swift; sourceTree = "<group>"; };
		88F6F73F2A6B558B00477A99 /* DonutEditor.swift */ = {isa = PBXFileReference; lastKnownFileType = sourcecode.swift; path = DonutEditor.swift; sourceTree = "<group>"; };
/* End PBXFileReference section */

/* Begin PBXFrameworksBuildPhase section */
		88779A362A659F1300F0538B /* Frameworks */ = {
			isa = PBXFrameworksBuildPhase;
			buildActionMask = 2147483647;
			files = (
				88779A562A65AE3B00F0538B /* FoodTruckKit in Frameworks */,
				88779A582A65AE6D00F0538B /* SwiftUI.framework in Frameworks */,
				88779A5A2A65AE8000F0538B /* WidgetKit.framework in Frameworks */,
			);
			runOnlyForDeploymentPostprocessing = 0;
		};
		88AEB6512A6149580028950B /* Frameworks */ = {
			isa = PBXFrameworksBuildPhase;
			buildActionMask = 2147483647;
			files = (
				88877A8D2A65EA9500126A7A /* FoodTruckKit in Frameworks */,
			);
			runOnlyForDeploymentPostprocessing = 0;
		};
/* End PBXFrameworksBuildPhase section */

/* Begin PBXGroup section */
		8829A07E2A69F75600977A99 /* General */ = {
			isa = PBXGroup;
			children = (
				8829A0812A69F8C800977A99 /* FlowLayout.swift */,
				8829A0832A6A058200977A99 /* WidthThresholdReader.swift */,
			);
			path = General;
			sourceTree = "<group>";
		};
		88779A152A65904000F0538B /* Configuration */ = {
			isa = PBXGroup;
			children = (
				88779A502A65A1D100F0538B /* SampleCode.xcconfig */,
			);
			path = Configuration;
			sourceTree = "<group>";
		};
		88779A3E2A659F1400F0538B /* Widgets */ = {
			isa = PBXGroup;
			children = (
				88779A442A659F1600F0538B /* Assets.xcassets */,
				88779A462A659F1600F0538B /* Info.plist */,
				88779A652A65B0AF00F0538B /* Localizable.strings */,
				88779A672A65B1CC00F0538B /* Widgets.entitlements */,
				88779A432A659F1400F0538B /* Widgets.intentdefinition */,
				88779A412A659F1400F0538B /* Widgets.swift */,
				88779A3F2A659F1400F0538B /* WidgetsBundle.swift */,
			);
			path = Widgets;
			sourceTree = "<group>";
		};
		88779A512A65A6DB00F0538B /* Packages */ = {
			isa = PBXGroup;
			children = (
				88779A522A65A6DB00F0538B /* FoodTruckKit */,
			);
			name = Packages;
			sourceTree = "<group>";
		};
		88779A542A65AE3B00F0538B /* Frameworks */ = {
			isa = PBXGroup;
			children = (
				88779A592A65AE8000F0538B /* WidgetKit.framework */,
				88779A572A65AE6D00F0538B /* SwiftUI.framework */,
			);
			name = Frameworks;
			sourceTree = "<group>";
		};
		88779A682A65D40400F0538B /* Navigation */ = {
			isa = PBXGroup;
			children = (
				88AEB6592A6149580028950B /* ContentView.swift */,
				88877A8E2A65ECCA00126A7A /* DetailColumn.swift */,
				88779A692A65D44200F0538B /* Sidebar.swift */,
			);
			path = Navigation;
			sourceTree = "<group>";
		};
		889BA7022A66F34F0025AB79 /* City */ = {
			isa = PBXGroup;
			children = (
				889BA7032A66F3670025AB79 /* CityView.swift */,
				889BA70B2A67051C0025AB79 /* CityWeatherCard.swift */,
				889BA7072A66F8E30025AB79 /* DetailedMapView.swift */,
				889BA7052A66F7030025AB79 /* ParkingSpotShowcaseView.swift */,
				889BA7092A66FF840025AB79 /* RecommendedParkingSpotCard.swift */,
			);
			path = City;
			sourceTree = "<group>";
		};
		889FB9302A6C6FB900AD470F /* Orders */ = {
			isa = PBXGroup;
			children = (
				889FB9312A6C6FFA00AD470F /* OrderRow.swift */,
				889FB9332A6C722C00AD470F /* OrdersTable.swift */,
				889FB9352A6C79FB00AD470F /* OrderDetailView.swift */,
				889FB9372A6C7E6500AD470F /* OrderCompleteView.swift */,
				889FB9392A6C9C5800AD470F /* OrdersView.swift */,
			);
			path = Orders;
			sourceTree = "<group>";
		};
		88AEB64B2A6149570028950B = {
			isa = PBXGroup;
			children = (
				88AEB6562A6149580028950B /* App */,
				88779A152A65904000F0538B /* Configuration */,
				88779A512A65A6DB00F0538B /* Packages */,
				88AEB6552A6149580028950B /* Products */,
				88779A3E2A659F1400F0538B /* Widgets */,
				88779A542A65AE3B00F0538B /* Frameworks */,
			);
			sourceTree = "<group>";
		};
		88AEB6552A6149580028950B /* Products */ = {
			isa = PBXGroup;
			children = (
				88AEB6542A6149580028950B /* Iceme Corner.app */,
				88779A392A659F1300F0538B /* WidgetsExtension.appex */,
			);
			name = Products;
			sourceTree = "<group>";
		};
		88AEB6562A6149580028950B /* App */ = {
			isa = PBXGroup;
			children = (
				889FB9302A6C6FB900AD470F /* Orders */,
				88AEB6572A6149580028950B /* App.swift */,
				88AEB65B2A61495D0028950B /* Assets.xcassets */,
				889BA7022A66F34F0025AB79 /* City */,
				88B3A8AA2A6B32F6002E6CEC /* Donut */,
				88779A532A65AB6300F0538B /* Entitlements-All.entitlements */,
				88AEB65D2A61495D0028950B /* Entitlements.entitlements */,
				8829A07E2A69F75600977A99 /* General */,
				88779A5F2A65AFB000F0538B /* Localizable.strings */,
				88779A682A65D40400F0538B /* Navigation */,
				88AEB65E2A61495D0028950B /* Preview Content */,
			);
			path = App;
			sourceTree = "<group>";
		};
		88AEB65E2A61495D0028950B /* Preview Content */ = {
			isa = PBXGroup;
			children = (
				88AEB65F2A61495D0028950B /* Preview Assets.xcassets */,
			);
			path = "Preview Content";
			sourceTree = "<group>";
		};
		88B3A8AA2A6B32F6002E6CEC /* Donut */ = {
			isa = PBXGroup;
			children = (
				88F6F73F2A6B558B00477A99 /* DonutEditor.swift */,
				88B3A8B72A6B4C26002E6CEC /* DonutGallery.swift */,
				88B3A8AB2A6B334E002E6CEC /* DonutGalleryGrid.swift */,
				88B3A8B52A6B4744002E6CEC /* ShowTopDonutsIntent.swift */,
				88B3A8AD2A6B3973002E6CEC /* ShowTopDonutsIntentView.swift */,
				88B3A8AF2A6B3A69002E6CEC /* TopDonutSalesChart.swift */,
				88B3A8B12A6B407E002E6CEC /* TopFiveDonutsChart.swift */,
				88B3A8B32A6B4354002E6CEC /* TopFiveDonutsView.swift */,
			);
			path = Donut;
			sourceTree = "<group>";
		};
/* End PBXGroup section */

/* Begin PBXNativeTarget section */
		88779A382A659F1300F0538B /* WidgetsExtension */ = {
			isa = PBXNativeTarget;
			buildConfigurationList = 88779A4C2A659F1700F0538B /* Build configuration list for PBXNativeTarget "WidgetsExtension" */;
			buildPhases = (
				88779A352A659F1300F0538B /* Sources */,
				88779A362A659F1300F0538B /* Frameworks */,
				88779A372A659F1300F0538B /* Resources */,
			);
			buildRules = (
			);
			dependencies = (
			);
			name = WidgetsExtension;
			packageProductDependencies = (
				88779A552A65AE3B00F0538B /* FoodTruckKit */,
			);
			productName = WidgetsExtension;
			productReference = 88779A392A659F1300F0538B /* WidgetsExtension.appex */;
			productType = "com.apple.product-type.app-extension";
		};
		88AEB6532A6149580028950B /* Iceme Corner */ = {
			isa = PBXNativeTarget;
			buildConfigurationList = 88AEB6632A61495D0028950B /* Build configuration list for PBXNativeTarget "Iceme Corner" */;
			buildPhases = (
				88AEB6502A6149580028950B /* Sources */,
				88AEB6512A6149580028950B /* Frameworks */,
				88AEB6522A6149580028950B /* Resources */,
				88779A4F2A659F1700F0538B /* Embed Foundation Extensions */,
			);
			buildRules = (
			);
			dependencies = (
				88779A4A2A659F1600F0538B /* PBXTargetDependency */,
			);
			name = "Iceme Corner";
			packageProductDependencies = (
				88877A8C2A65EA9500126A7A /* FoodTruckKit */,
			);
			productName = "Iceme Corner";
			productReference = 88AEB6542A6149580028950B /* Iceme Corner.app */;
			productType = "com.apple.product-type.application";
		};
/* End PBXNativeTarget section */

/* Begin PBXProject section */
		88AEB64C2A6149570028950B /* Project object */ = {
			isa = PBXProject;
			attributes = {
				BuildIndependentTargetsInParallel = 1;
				LastSwiftUpdateCheck = 1430;
				LastUpgradeCheck = 1430;
				TargetAttributes = {
					88779A382A659F1300F0538B = {
						CreatedOnToolsVersion = 14.3.1;
					};
					88AEB6532A6149580028950B = {
						CreatedOnToolsVersion = 14.3.1;
					};
				};
			};
			buildConfigurationList = 88AEB64F2A6149570028950B /* Build configuration list for PBXProject "Iceme Corner" */;
			compatibilityVersion = "Xcode 14.0";
			developmentRegion = en;
			hasScannedForEncodings = 0;
			knownRegions = (
				en,
				Base,
				ar,
			);
			mainGroup = 88AEB64B2A6149570028950B;
			productRefGroup = 88AEB6552A6149580028950B /* Products */;
			projectDirPath = "";
			projectRoot = "";
			targets = (
				88AEB6532A6149580028950B /* Iceme Corner */,
				88779A382A659F1300F0538B /* WidgetsExtension */,
			);
		};
/* End PBXProject section */

/* Begin PBXResourcesBuildPhase section */
		88779A372A659F1300F0538B /* Resources */ = {
			isa = PBXResourcesBuildPhase;
			buildActionMask = 2147483647;
			files = (
				88779A452A659F1600F0538B /* Assets.xcassets in Resources */,
				88779A632A65B0AF00F0538B /* Localizable.strings in Resources */,
			);
			runOnlyForDeploymentPostprocessing = 0;
		};
		88AEB6522A6149580028950B /* Resources */ = {
			isa = PBXResourcesBuildPhase;
			buildActionMask = 2147483647;
			files = (
				88AEB6602A61495D0028950B /* Preview Assets.xcassets in Resources */,
				88779A5D2A65AFB000F0538B /* Localizable.strings in Resources */,
				88AEB65C2A61495D0028950B /* Assets.xcassets in Resources */,
			);
			runOnlyForDeploymentPostprocessing = 0;
		};
/* End PBXResourcesBuildPhase section */

/* Begin PBXSourcesBuildPhase section */
		88779A352A659F1300F0538B /* Sources */ = {
			isa = PBXSourcesBuildPhase;
			buildActionMask = 2147483647;
			files = (
				88779A402A659F1400F0538B /* WidgetsBundle.swift in Sources */,
				88779A472A659F1600F0538B /* Widgets.intentdefinition in Sources */,
				88779A422A659F1400F0538B /* Widgets.swift in Sources */,
			);
			runOnlyForDeploymentPostprocessing = 0;
		};
		88AEB6502A6149580028950B /* Sources */ = {
			isa = PBXSourcesBuildPhase;
			buildActionMask = 2147483647;
			files = (
				88B3A8B02A6B3A69002E6CEC /* TopDonutSalesChart.swift in Sources */,
				88F6F7402A6B558B00477A99 /* DonutEditor.swift in Sources */,
				889FB9382A6C7E6500AD470F /* OrderCompleteView.swift in Sources */,
				88B3A8AE2A6B3973002E6CEC /* ShowTopDonutsIntentView.swift in Sources */,
				8829A0822A69F8C800977A99 /* FlowLayout.swift in Sources */,
				88B3A8AC2A6B334E002E6CEC /* DonutGalleryGrid.swift in Sources */,
				889FB9362A6C79FB00AD470F /* OrderDetailView.swift in Sources */,
				88AEB65A2A6149580028950B /* ContentView.swift in Sources */,
				889BA70A2A66FF840025AB79 /* RecommendedParkingSpotCard.swift in Sources */,
				88B3A8B42A6B4354002E6CEC /* TopFiveDonutsView.swift in Sources */,
				889BA7062A66F7030025AB79 /* ParkingSpotShowcaseView.swift in Sources */,
				889FB9322A6C6FFA00AD470F /* OrderRow.swift in Sources */,
				88B3A8B82A6B4C26002E6CEC /* DonutGallery.swift in Sources */,
				889BA7042A66F3670025AB79 /* CityView.swift in Sources */,
				88779A482A659F1600F0538B /* Widgets.intentdefinition in Sources */,
				889FB93A2A6C9C5800AD470F /* OrdersView.swift in Sources */,
				88779A6A2A65D44200F0538B /* Sidebar.swift in Sources */,
				889BA7082A66F8E30025AB79 /* DetailedMapView.swift in Sources */,
				889BA70C2A67051C0025AB79 /* CityWeatherCard.swift in Sources */,
				88B3A8B62A6B4744002E6CEC /* ShowTopDonutsIntent.swift in Sources */,
				889FB9342A6C722C00AD470F /* OrdersTable.swift in Sources */,
				8829A0842A6A058200977A99 /* WidthThresholdReader.swift in Sources */,
				88AEB6582A6149580028950B /* App.swift in Sources */,
				88877A8F2A65ECCB00126A7A /* DetailColumn.swift in Sources */,
				88B3A8B22A6B407E002E6CEC /* TopFiveDonutsChart.swift in Sources */,
			);
			runOnlyForDeploymentPostprocessing = 0;
		};
/* End PBXSourcesBuildPhase section */

/* Begin PBXTargetDependency section */
		88779A4A2A659F1600F0538B /* PBXTargetDependency */ = {
			isa = PBXTargetDependency;
			target = 88779A382A659F1300F0538B /* WidgetsExtension */;
			targetProxy = 88779A492A659F1600F0538B /* PBXContainerItemProxy */;
		};
/* End PBXTargetDependency section */

/* Begin PBXVariantGroup section */
		88779A5F2A65AFB000F0538B /* Localizable.strings */ = {
			isa = PBXVariantGroup;
			children = (
				88779A5E2A65AFB000F0538B /* en */,
				88779A602A65B00000F0538B /* ar */,
			);
			name = Localizable.strings;
			sourceTree = "<group>";
		};
		88779A652A65B0AF00F0538B /* Localizable.strings */ = {
			isa = PBXVariantGroup;
			children = (
				88779A642A65B0AF00F0538B /* ar */,
			);
			name = Localizable.strings;
			sourceTree = "<group>";
		};
/* End PBXVariantGroup section */

/* Begin XCBuildConfiguration section */
		88779A4D2A659F1700F0538B /* Debug */ = {
			isa = XCBuildConfiguration;
			baseConfigurationReference = 88779A502A65A1D100F0538B /* SampleCode.xcconfig */;
			buildSettings = {
				ALLOW_TARGET_PLATFORM_SPECIALIZATION = YES;
				ASSETCATALOG_COMPILER_GLOBAL_ACCENT_COLOR_NAME = AccentColor;
				ASSETCATALOG_COMPILER_WIDGET_BACKGROUND_COLOR_NAME = WidgetBackground;
				CODE_SIGN_STYLE = Automatic;
				CURRENT_PROJECT_VERSION = 1;
				DEVELOPMENT_TEAM = 59ABJ4Y883;
				GENERATE_INFOPLIST_FILE = YES;
				INFOPLIST_FILE = Widgets/Info.plist;
				INFOPLIST_KEY_CFBundleDisplayName = Widgets;
				INFOPLIST_KEY_NSHumanReadableCopyright = "";
				IPHONEOS_DEPLOYMENT_TARGET = 16.0;
				LD_RUNPATH_SEARCH_PATHS = (
					"$(inherited)",
					"@executable_path/Frameworks",
					"@executable_path/../../Frameworks",
				);
				MACOSX_DEPLOYMENT_TARGET = 13.0;
				MARKETING_VERSION = 1.0;
				PRODUCT_BUNDLE_IDENTIFIER = "com.fenibrian.Iceme-Corner.Widgets";
				PRODUCT_NAME = "$(TARGET_NAME)";
				SDKROOT = iphoneos;
				SKIP_INSTALL = YES;
				SWIFT_EMIT_LOC_STRINGS = YES;
				SWIFT_VERSION = 5.0;
				TARGETED_DEVICE_FAMILY = "1,2";
				TVOS_DEPLOYMENT_TARGET = 16.0;
				WATCHOS_DEPLOYMENT_TARGET = 9.0;
			};
			name = Debug;
		};
		88779A4E2A659F1700F0538B /* Release */ = {
			isa = XCBuildConfiguration;
			baseConfigurationReference = 88779A502A65A1D100F0538B /* SampleCode.xcconfig */;
			buildSettings = {
				ALLOW_TARGET_PLATFORM_SPECIALIZATION = YES;
				ASSETCATALOG_COMPILER_GLOBAL_ACCENT_COLOR_NAME = AccentColor;
				ASSETCATALOG_COMPILER_WIDGET_BACKGROUND_COLOR_NAME = WidgetBackground;
				CODE_SIGN_STYLE = Automatic;
				CURRENT_PROJECT_VERSION = 1;
				DEVELOPMENT_TEAM = 59ABJ4Y883;
				GENERATE_INFOPLIST_FILE = YES;
				INFOPLIST_FILE = Widgets/Info.plist;
				INFOPLIST_KEY_CFBundleDisplayName = Widgets;
				INFOPLIST_KEY_NSHumanReadableCopyright = "";
				IPHONEOS_DEPLOYMENT_TARGET = 16.0;
				LD_RUNPATH_SEARCH_PATHS = (
					"$(inherited)",
					"@executable_path/Frameworks",
					"@executable_path/../../Frameworks",
				);
				MACOSX_DEPLOYMENT_TARGET = 13.0;
				MARKETING_VERSION = 1.0;
				PRODUCT_BUNDLE_IDENTIFIER = "com.fenibrian.Iceme-Corner.Widgets";
				PRODUCT_NAME = "$(TARGET_NAME)";
				SDKROOT = iphoneos;
				SKIP_INSTALL = YES;
				SWIFT_EMIT_LOC_STRINGS = YES;
				SWIFT_VERSION = 5.0;
				TARGETED_DEVICE_FAMILY = "1,2";
				TVOS_DEPLOYMENT_TARGET = 16.0;
				VALIDATE_PRODUCT = YES;
				WATCHOS_DEPLOYMENT_TARGET = 9.0;
			};
			name = Release;
		};
		88AEB6612A61495D0028950B /* Debug */ = {
			isa = XCBuildConfiguration;
			baseConfigurationReference = 88779A502A65A1D100F0538B /* SampleCode.xcconfig */;
			buildSettings = {
				ALWAYS_SEARCH_USER_PATHS = NO;
				CLANG_ANALYZER_LOCALIZABILITY_NONLOCALIZED = YES;
				CLANG_ANALYZER_NONNULL = YES;
				CLANG_ANALYZER_NUMBER_OBJECT_CONVERSION = YES_AGGRESSIVE;
				CLANG_CXX_LANGUAGE_STANDARD = "gnu++20";
				CLANG_ENABLE_MODULES = YES;
				CLANG_ENABLE_OBJC_ARC = YES;
				CLANG_ENABLE_OBJC_WEAK = YES;
				CLANG_WARN_BLOCK_CAPTURE_AUTORELEASING = YES;
				CLANG_WARN_BOOL_CONVERSION = YES;
				CLANG_WARN_COMMA = YES;
				CLANG_WARN_CONSTANT_CONVERSION = YES;
				CLANG_WARN_DEPRECATED_OBJC_IMPLEMENTATIONS = YES;
				CLANG_WARN_DIRECT_OBJC_ISA_USAGE = YES_ERROR;
				CLANG_WARN_DOCUMENTATION_COMMENTS = YES;
				CLANG_WARN_EMPTY_BODY = YES;
				CLANG_WARN_ENUM_CONVERSION = YES;
				CLANG_WARN_INFINITE_RECURSION = YES;
				CLANG_WARN_INT_CONVERSION = YES;
				CLANG_WARN_NON_LITERAL_NULL_CONVERSION = YES;
				CLANG_WARN_OBJC_IMPLICIT_RETAIN_SELF = YES;
				CLANG_WARN_OBJC_LITERAL_CONVERSION = YES;
				CLANG_WARN_OBJC_ROOT_CLASS = YES_ERROR;
				CLANG_WARN_QUOTED_INCLUDE_IN_FRAMEWORK_HEADER = YES;
				CLANG_WARN_RANGE_LOOP_ANALYSIS = YES;
				CLANG_WARN_STRICT_PROTOTYPES = YES;
				CLANG_WARN_SUSPICIOUS_MOVE = YES;
				CLANG_WARN_UNGUARDED_AVAILABILITY = YES_AGGRESSIVE;
				CLANG_WARN_UNREACHABLE_CODE = YES;
				CLANG_WARN__DUPLICATE_METHOD_MATCH = YES;
				COPY_PHASE_STRIP = NO;
				DEBUG_INFORMATION_FORMAT = dwarf;
				ENABLE_STRICT_OBJC_MSGSEND = YES;
				ENABLE_TESTABILITY = YES;
				GCC_C_LANGUAGE_STANDARD = gnu11;
				GCC_DYNAMIC_NO_PIC = NO;
				GCC_NO_COMMON_BLOCKS = YES;
				GCC_OPTIMIZATION_LEVEL = 0;
				GCC_PREPROCESSOR_DEFINITIONS = (
					"DEBUG=1",
					"$(inherited)",
				);
				GCC_WARN_64_TO_32_BIT_CONVERSION = YES;
				GCC_WARN_ABOUT_RETURN_TYPE = YES_ERROR;
				GCC_WARN_UNDECLARED_SELECTOR = YES;
				GCC_WARN_UNINITIALIZED_AUTOS = YES_AGGRESSIVE;
				GCC_WARN_UNUSED_FUNCTION = YES;
				GCC_WARN_UNUSED_VARIABLE = YES;
				MTL_ENABLE_DEBUG_INFO = INCLUDE_SOURCE;
				MTL_FAST_MATH = YES;
				ONLY_ACTIVE_ARCH = YES;
				SWIFT_ACTIVE_COMPILATION_CONDITIONS = DEBUG;
				SWIFT_OPTIMIZATION_LEVEL = "-Onone";
			};
			name = Debug;
		};
		88AEB6622A61495D0028950B /* Release */ = {
			isa = XCBuildConfiguration;
			baseConfigurationReference = 88779A502A65A1D100F0538B /* SampleCode.xcconfig */;
			buildSettings = {
				ALWAYS_SEARCH_USER_PATHS = NO;
				CLANG_ANALYZER_LOCALIZABILITY_NONLOCALIZED = YES;
				CLANG_ANALYZER_NONNULL = YES;
				CLANG_ANALYZER_NUMBER_OBJECT_CONVERSION = YES_AGGRESSIVE;
				CLANG_CXX_LANGUAGE_STANDARD = "gnu++20";
				CLANG_ENABLE_MODULES = YES;
				CLANG_ENABLE_OBJC_ARC = YES;
				CLANG_ENABLE_OBJC_WEAK = YES;
				CLANG_WARN_BLOCK_CAPTURE_AUTORELEASING = YES;
				CLANG_WARN_BOOL_CONVERSION = YES;
				CLANG_WARN_COMMA = YES;
				CLANG_WARN_CONSTANT_CONVERSION = YES;
				CLANG_WARN_DEPRECATED_OBJC_IMPLEMENTATIONS = YES;
				CLANG_WARN_DIRECT_OBJC_ISA_USAGE = YES_ERROR;
				CLANG_WARN_DOCUMENTATION_COMMENTS = YES;
				CLANG_WARN_EMPTY_BODY = YES;
				CLANG_WARN_ENUM_CONVERSION = YES;
				CLANG_WARN_INFINITE_RECURSION = YES;
				CLANG_WARN_INT_CONVERSION = YES;
				CLANG_WARN_NON_LITERAL_NULL_CONVERSION = YES;
				CLANG_WARN_OBJC_IMPLICIT_RETAIN_SELF = YES;
				CLANG_WARN_OBJC_LITERAL_CONVERSION = YES;
				CLANG_WARN_OBJC_ROOT_CLASS = YES_ERROR;
				CLANG_WARN_QUOTED_INCLUDE_IN_FRAMEWORK_HEADER = YES;
				CLANG_WARN_RANGE_LOOP_ANALYSIS = YES;
				CLANG_WARN_STRICT_PROTOTYPES = YES;
				CLANG_WARN_SUSPICIOUS_MOVE = YES;
				CLANG_WARN_UNGUARDED_AVAILABILITY = YES_AGGRESSIVE;
				CLANG_WARN_UNREACHABLE_CODE = YES;
				CLANG_WARN__DUPLICATE_METHOD_MATCH = YES;
				COPY_PHASE_STRIP = NO;
				DEBUG_INFORMATION_FORMAT = "dwarf-with-dsym";
				ENABLE_NS_ASSERTIONS = NO;
				ENABLE_STRICT_OBJC_MSGSEND = YES;
				GCC_C_LANGUAGE_STANDARD = gnu11;
				GCC_NO_COMMON_BLOCKS = YES;
				GCC_WARN_64_TO_32_BIT_CONVERSION = YES;
				GCC_WARN_ABOUT_RETURN_TYPE = YES_ERROR;
				GCC_WARN_UNDECLARED_SELECTOR = YES;
				GCC_WARN_UNINITIALIZED_AUTOS = YES_AGGRESSIVE;
				GCC_WARN_UNUSED_FUNCTION = YES;
				GCC_WARN_UNUSED_VARIABLE = YES;
				MTL_ENABLE_DEBUG_INFO = NO;
				MTL_FAST_MATH = YES;
				SWIFT_COMPILATION_MODE = wholemodule;
				SWIFT_OPTIMIZATION_LEVEL = "-O";
			};
			name = Release;
		};
		88AEB6642A61495D0028950B /* Debug */ = {
			isa = XCBuildConfiguration;
			baseConfigurationReference = 88779A502A65A1D100F0538B /* SampleCode.xcconfig */;
			buildSettings = {
				ALLOW_TARGET_PLATFORM_SPECIALIZATION = YES;
				ALWAYS_EMBED_SWIFT_STANDARD_LIBRARIES = YES;
				ASSETCATALOG_COMPILER_APPICON_NAME = AppIcon;
				ASSETCATALOG_COMPILER_GLOBAL_ACCENT_COLOR_NAME = AccentColor;
				CODE_SIGN_ENTITLEMENTS = App/Entitlements.entitlements;
				"CODE_SIGN_IDENTITY[sdk=macosx*]" = "Apple Development";
				CODE_SIGN_STYLE = Automatic;
				CURRENT_PROJECT_VERSION = 1;
				DEVELOPMENT_ASSET_PATHS = "";
				DEVELOPMENT_TEAM = 59ABJ4Y883;
				ENABLE_HARDENED_RUNTIME = NO;
				ENABLE_PREVIEWS = YES;
				GENERATE_INFOPLIST_FILE = YES;
				INFOPLIST_KEY_CFBundleDisplayName = "Iceme Corner";
				INFOPLIST_KEY_LSApplicationCategoryType = "public.app-category.food-and-drink";
				INFOPLIST_KEY_UIApplicationSceneManifest_Generation = YES;
				"INFOPLIST_KEY_UIApplicationSceneManifest_Generation[sdk=iphoneos*]" = YES;
				"INFOPLIST_KEY_UIApplicationSceneManifest_Generation[sdk=iphonesimulator*]" = YES;
				INFOPLIST_KEY_UIApplicationSupportsIndirectInputEvents = YES;
				"INFOPLIST_KEY_UIApplicationSupportsIndirectInputEvents[sdk=iphoneos*]" = YES;
				"INFOPLIST_KEY_UIApplicationSupportsIndirectInputEvents[sdk=iphonesimulator*]" = YES;
				INFOPLIST_KEY_UILaunchScreen_Generation = YES;
				"INFOPLIST_KEY_UILaunchScreen_Generation[sdk=iphoneos*]" = YES;
				"INFOPLIST_KEY_UILaunchScreen_Generation[sdk=iphonesimulator*]" = YES;
				"INFOPLIST_KEY_UIStatusBarStyle[sdk=iphoneos*]" = UIStatusBarStyleDefault;
				"INFOPLIST_KEY_UIStatusBarStyle[sdk=iphonesimulator*]" = UIStatusBarStyleDefault;
				INFOPLIST_KEY_UISupportedInterfaceOrientations = UIInterfaceOrientationPortrait;
				INFOPLIST_KEY_UISupportedInterfaceOrientations_iPad = "UIInterfaceOrientationLandscapeLeft UIInterfaceOrientationLandscapeRight UIInterfaceOrientationPortrait UIInterfaceOrientationPortraitUpsideDown";
				IPHONEOS_DEPLOYMENT_TARGET = 16.0;
				LD_RUNPATH_SEARCH_PATHS = "@executable_path/Frameworks";
				"LD_RUNPATH_SEARCH_PATHS[sdk=macosx*]" = "@executable_path/../Frameworks";
				MACOSX_DEPLOYMENT_TARGET = 13.0;
				MARKETING_VERSION = 1.0;
				PRODUCT_BUNDLE_IDENTIFIER = "com.fenibrian.Iceme-Corner";
				PRODUCT_NAME = "$(TARGET_NAME)";
				SDKROOT = auto;
				SUPPORTED_PLATFORMS = "iphoneos iphonesimulator macosx";
				SWIFT_EMIT_LOC_STRINGS = YES;
				SWIFT_VERSION = 5.0;
				TARGETED_DEVICE_FAMILY = "1,2";
			};
			name = Debug;
		};
		88AEB6652A61495D0028950B /* Release */ = {
			isa = XCBuildConfiguration;
			baseConfigurationReference = 88779A502A65A1D100F0538B /* SampleCode.xcconfig */;
			buildSettings = {
				ALLOW_TARGET_PLATFORM_SPECIALIZATION = YES;
				ALWAYS_EMBED_SWIFT_STANDARD_LIBRARIES = YES;
				ASSETCATALOG_COMPILER_APPICON_NAME = AppIcon;
				ASSETCATALOG_COMPILER_GLOBAL_ACCENT_COLOR_NAME = AccentColor;
				CODE_SIGN_ENTITLEMENTS = App/Entitlements.entitlements;
				"CODE_SIGN_IDENTITY[sdk=macosx*]" = "Apple Development";
				CODE_SIGN_STYLE = Automatic;
				CURRENT_PROJECT_VERSION = 1;
				DEVELOPMENT_ASSET_PATHS = "";
				DEVELOPMENT_TEAM = 59ABJ4Y883;
				ENABLE_HARDENED_RUNTIME = NO;
				ENABLE_PREVIEWS = YES;
				GENERATE_INFOPLIST_FILE = YES;
				INFOPLIST_KEY_CFBundleDisplayName = "Iceme Corner";
				INFOPLIST_KEY_LSApplicationCategoryType = "public.app-category.food-and-drink";
				INFOPLIST_KEY_UIApplicationSceneManifest_Generation = YES;
				"INFOPLIST_KEY_UIApplicationSceneManifest_Generation[sdk=iphoneos*]" = YES;
				"INFOPLIST_KEY_UIApplicationSceneManifest_Generation[sdk=iphonesimulator*]" = YES;
				INFOPLIST_KEY_UIApplicationSupportsIndirectInputEvents = YES;
				"INFOPLIST_KEY_UIApplicationSupportsIndirectInputEvents[sdk=iphoneos*]" = YES;
				"INFOPLIST_KEY_UIApplicationSupportsIndirectInputEvents[sdk=iphonesimulator*]" = YES;
				INFOPLIST_KEY_UILaunchScreen_Generation = YES;
				"INFOPLIST_KEY_UILaunchScreen_Generation[sdk=iphoneos*]" = YES;
				"INFOPLIST_KEY_UILaunchScreen_Generation[sdk=iphonesimulator*]" = YES;
				"INFOPLIST_KEY_UIStatusBarStyle[sdk=iphoneos*]" = UIStatusBarStyleDefault;
				"INFOPLIST_KEY_UIStatusBarStyle[sdk=iphonesimulator*]" = UIStatusBarStyleDefault;
				INFOPLIST_KEY_UISupportedInterfaceOrientations = UIInterfaceOrientationPortrait;
				INFOPLIST_KEY_UISupportedInterfaceOrientations_iPad = "UIInterfaceOrientationLandscapeLeft UIInterfaceOrientationLandscapeRight UIInterfaceOrientationPortrait UIInterfaceOrientationPortraitUpsideDown";
				IPHONEOS_DEPLOYMENT_TARGET = 16.0;
				LD_RUNPATH_SEARCH_PATHS = "@executable_path/Frameworks";
				"LD_RUNPATH_SEARCH_PATHS[sdk=macosx*]" = "@executable_path/../Frameworks";
				MACOSX_DEPLOYMENT_TARGET = 13.0;
				MARKETING_VERSION = 1.0;
				PRODUCT_BUNDLE_IDENTIFIER = "com.fenibrian.Iceme-Corner";
				PRODUCT_NAME = "$(TARGET_NAME)";
				SDKROOT = auto;
				SUPPORTED_PLATFORMS = "iphoneos iphonesimulator macosx";
				SWIFT_EMIT_LOC_STRINGS = YES;
				SWIFT_VERSION = 5.0;
				TARGETED_DEVICE_FAMILY = "1,2";
			};
			name = Release;
		};
/* End XCBuildConfiguration section */

/* Begin XCConfigurationList section */
		88779A4C2A659F1700F0538B /* Build configuration list for PBXNativeTarget "WidgetsExtension" */ = {
			isa = XCConfigurationList;
			buildConfigurations = (
				88779A4D2A659F1700F0538B /* Debug */,
				88779A4E2A659F1700F0538B /* Release */,
			);
			defaultConfigurationIsVisible = 0;
			defaultConfigurationName = Release;
		};
		88AEB64F2A6149570028950B /* Build configuration list for PBXProject "Iceme Corner" */ = {
			isa = XCConfigurationList;
			buildConfigurations = (
				88AEB6612A61495D0028950B /* Debug */,
				88AEB6622A61495D0028950B /* Release */,
			);
			defaultConfigurationIsVisible = 0;
			defaultConfigurationName = Release;
		};
		88AEB6632A61495D0028950B /* Build configuration list for PBXNativeTarget "Iceme Corner" */ = {
			isa = XCConfigurationList;
			buildConfigurations = (
				88AEB6642A61495D0028950B /* Debug */,
				88AEB6652A61495D0028950B /* Release */,
			);
			defaultConfigurationIsVisible = 0;
			defaultConfigurationName = Release;
		};
/* End XCConfigurationList section */

/* Begin XCSwiftPackageProductDependency section */
		88779A552A65AE3B00F0538B /* FoodTruckKit */ = {
			isa = XCSwiftPackageProductDependency;
			productName = FoodTruckKit;
		};
		88877A8C2A65EA9500126A7A /* FoodTruckKit */ = {
			isa = XCSwiftPackageProductDependency;
			productName = FoodTruckKit;
		};
/* End XCSwiftPackageProductDependency section */
	};
	rootObject = 88AEB64C2A6149570028950B /* Project object */;
}
